
Microsoft Visual Studio Solution File, Format Version 12.00
# Visual Studio Version 16
VisualStudioVersion = 16.0.30413.136
MinimumVisualStudioVersion = 10.0.40219.1
Project("{FAE04EC0-301F-11D3-BF4B-00C04F79EFBC}") = "Samples", "Samples\Samples.csproj", "{1F37CDD0-7309-4467-9B10-0CB492F41C50}"
EndProject
Global
	GlobalSection(SolutionConfigurationPlatforms) = preSolution
		Debug|Any CPU = Debug|Any CPU
		Release|Any CPU = Release|Any CPU
	EndGlobalSection
	GlobalSection(ProjectConfigurationPlatforms) = postSolution
		{1F37CDD0-7309-4467-9B10-0CB492F41C50}.Debug|Any CPU.ActiveCfg = Debug|Any CPU
		{1F37CDD0-7309-4467-9B10-0CB492F41C50}.Debug|Any CPU.Build.0 = Debug|Any CPU
		{1F37CDD0-7309-4467-9B10-0CB492F41C50}.Release|Any CPU.ActiveCfg = Release|Any CPU
		{1F37CDD0-7309-4467-9B10-0CB492F41C50}.Release|Any CPU.Build.0 = Release|Any CPU
	EndGlobalSection
	GlobalSection(SolutionProperties) = preSolution
		HideSolutionNode = FALSE
	EndGlobalSection
	GlobalSection(ExtensibilityGlobals) = postSolution
		SolutionGuid = {EDF9F7CE-A9E5-44B4-8E88-0D82BAFC0868}
	EndGlobalSection
EndGlobal
